
Microsoft Visual Studio Solution File, Format Version 12.00
# Visual Studio 15
VisualStudioVersion = 15.0.27130.2010
MinimumVisualStudioVersion = 10.0.40219.1
Project("{8BC9CEB8-8B4A-11D0-8D11-00A0C91BC942}") = "GevelDbExtension", "GevelDbExtension.vcxproj", "{366D63B9-F400-4D08-955E-5D3E3F453325}"
EndProject
Global
	GlobalSection(SolutionConfigurationPlatforms) = preSolution
		Debug|x64 = Debug|x64
		Debug|x86 = Debug|x86
		Release|x64 = Release|x64
		Release|x86 = Release|x86
	EndGlobalSection
	GlobalSection(ProjectConfigurationPlatforms) = postSolution
		{366D63B9-F400-4D08-955E-5D3E3F453325}.Debug|x64.ActiveCfg = Debug|x64
		{366D63B9-F400-4D08-955E-5D3E3F453325}.Debug|x64.Build.0 = Debug|x64
		{366D63B9-F400-4D08-955E-5D3E3F453325}.Debug|x86.ActiveCfg = Debug|x64
		{366D63B9-F400-4D08-955E-5D3E3F453325}.Debug|x86.Build.0 = Debug|x64
		{366D63B9-F400-4D08-955E-5D3E3F453325}.Release|x64.ActiveCfg = Release|x64
		{366D63B9-F400-4D08-955E-5D3E3F453325}.Release|x64.Build.0 = Release|x64
		{366D63B9-F400-4D08-955E-5D3E3F453325}.Release|x86.ActiveCfg = Release|Win32
		{366D63B9-F400-4D08-955E-5D3E3F453325}.Release|x86.Build.0 = Release|Win32
	EndGlobalSection
	GlobalSection(SolutionProperties) = preSolution
		HideSolutionNode = FALSE
	EndGlobalSection
	GlobalSection(ExtensibilityGlobals) = postSolution
		SolutionGuid = {8426C843-9C80-4AB0-B768-83C73117BAB7}
	EndGlobalSection
EndGlobal
